// !$*UTF8*$!
{
	archiveVersion = 1;
	classes = {
	};
	objectVersion = 55;
	objects = {

/* Begin PBXBuildFile section */
		CC3C668327BD47A900A67D92 /* AppDelegate.swift in Sources */ = {isa = PBXBuildFile; fileRef = CC3C668227BD47A900A67D92 /* AppDelegate.swift */; };
		CC3C668527BD47A900A67D92 /* SceneDelegate.swift in Sources */ = {isa = PBXBuildFile; fileRef = CC3C668427BD47A900A67D92 /* SceneDelegate.swift */; };
		CC3C668A27BD47A900A67D92 /* Main.storyboard in Resources */ = {isa = PBXBuildFile; fileRef = CC3C668827BD47A900A67D92 /* Main.storyboard */; };
		CC3C668C27BD47AB00A67D92 /* Assets.xcassets in Resources */ = {isa = PBXBuildFile; fileRef = CC3C668B27BD47AB00A67D92 /* Assets.xcassets */; };
		CC3C668F27BD47AB00A67D92 /* LaunchScreen.storyboard in Resources */ = {isa = PBXBuildFile; fileRef = CC3C668D27BD47AB00A67D92 /* LaunchScreen.storyboard */; };
		CC3C669727BD481800A67D92 /* TableViewController.swift in Sources */ = {isa = PBXBuildFile; fileRef = CC3C669627BD481800A67D92 /* TableViewController.swift */; };
		CC3C669A27BD487D00A67D92 /* NormalTableViewCell.swift in Sources */ = {isa = PBXBuildFile; fileRef = CC3C669827BD487D00A67D92 /* NormalTableViewCell.swift */; };
		CC3C669B27BD487D00A67D92 /* NormalTableViewCell.xib in Resources */ = {isa = PBXBuildFile; fileRef = CC3C669927BD487D00A67D92 /* NormalTableViewCell.xib */; };
		CC3C669E27BD4A1B00A67D92 /* RowView.swift in Sources */ = {isa = PBXBuildFile; fileRef = CC3C669D27BD4A1B00A67D92 /* RowView.swift */; };
		CC3C66A027BD4AD800A67D92 /* RowViewCell.swift in Sources */ = {isa = PBXBuildFile; fileRef = CC3C669F27BD4AD800A67D92 /* RowViewCell.swift */; };
/* End PBXBuildFile section */

/* Begin PBXFileReference section */
		CC3C667F27BD47A900A67D92 /* SwiftUITableView.app */ = {isa = PBXFileReference; explicitFileType = wrapper.application; includeInIndex = 0; path = SwiftUITableView.app; sourceTree = BUILT_PRODUCTS_DIR; };
		CC3C668227BD47A900A67D92 /* AppDelegate.swift */ = {isa = PBXFileReference; lastKnownFileType = sourcecode.swift; path = AppDelegate.swift; sourceTree = "<group>"; };
		CC3C668427BD47A900A67D92 /* SceneDelegate.swift */ = {isa = PBXFileReference; lastKnownFileType = sourcecode.swift; path = SceneDelegate.swift; sourceTree = "<group>"; };
		CC3C668927BD47A900A67D92 /* Base */ = {isa = PBXFileReference; lastKnownFileType = file.storyboard; name = Base; path = Base.lproj/Main.storyboard; sourceTree = "<group>"; };
		CC3C668B27BD47AB00A67D92 /* Assets.xcassets */ = {isa = PBXFileReference; lastKnownFileType = folder.assetcatalog; path = Assets.xcassets; sourceTree = "<group>"; };
		CC3C668E27BD47AB00A67D92 /* Base */ = {isa = PBXFileReference; lastKnownFileType = file.storyboard; name = Base; path = Base.lproj/LaunchScreen.storyboard; sourceTree = "<group>"; };
		CC3C669027BD47AB00A67D92 /* Info.plist */ = {isa = PBXFileReference; lastKnownFileType = text.plist.xml; path = Info.plist; sourceTree = "<group>"; };
		CC3C669627BD481800A67D92 /* TableViewController.swift */ = {isa = PBXFileReference; lastKnownFileType = sourcecode.swift; path = TableViewController.swift; sourceTree = "<group>"; };
		CC3C669827BD487D00A67D92 /* NormalTableViewCell.swift */ = {isa = PBXFileReference; lastKnownFileType = sourcecode.swift; path = NormalTableViewCell.swift; sourceTree = "<group>"; };
		CC3C669927BD487D00A67D92 /* NormalTableViewCell.xib */ = {isa = PBXFileReference; lastKnownFileType = file.xib; path = NormalTableViewCell.xib; sourceTree = "<group>"; };
		CC3C669D27BD4A1B00A67D92 /* RowView.swift */ = {isa = PBXFileReference; lastKnownFileType = sourcecode.swift; path = RowView.swift; sourceTree = "<group>"; };
		CC3C669F27BD4AD800A67D92 /* RowViewCell.swift */ = {isa = PBXFileReference; lastKnownFileType = sourcecode.swift; path = RowViewCell.swift; sourceTree = "<group>"; };
/* End PBXFileReference section */

/* Begin PBXFrameworksBuildPhase section */
		CC3C667C27BD47A900A67D92 /* Frameworks */ = {
			isa = PBXFrameworksBuildPhase;
			buildActionMask = 2147483647;
			files = (
			);
			runOnlyForDeploymentPostprocessing = 0;
		};
/* End PBXFrameworksBuildPhase section */

/* Begin PBXGroup section */
		CC3C667627BD47A900A67D92 = {
			isa = PBXGroup;
			children = (
				CC3C668127BD47A900A67D92 /* SwiftUITableView */,
				CC3C668027BD47A900A67D92 /* Products */,
			);
			sourceTree = "<group>";
		};
		CC3C668027BD47A900A67D92 /* Products */ = {
			isa = PBXGroup;
			children = (
				CC3C667F27BD47A900A67D92 /* SwiftUITableView.app */,
			);
			name = Products;
			sourceTree = "<group>";
		};
		CC3C668127BD47A900A67D92 /* SwiftUITableView */ = {
			isa = PBXGroup;
			children = (
				CC3C668227BD47A900A67D92 /* AppDelegate.swift */,
				CC3C668427BD47A900A67D92 /* SceneDelegate.swift */,
				CC3C668827BD47A900A67D92 /* Main.storyboard */,
				CC3C669627BD481800A67D92 /* TableViewController.swift */,
				CC3C669C27BD48D000A67D92 /* Cells */,
				CC3C668B27BD47AB00A67D92 /* Assets.xcassets */,
				CC3C668D27BD47AB00A67D92 /* LaunchScreen.storyboard */,
				CC3C669027BD47AB00A67D92 /* Info.plist */,
			);
			path = SwiftUITableView;
			sourceTree = "<group>";
		};
		CC3C669C27BD48D000A67D92 /* Cells */ = {
			isa = PBXGroup;
			children = (
				CC3C669827BD487D00A67D92 /* NormalTableViewCell.swift */,
				CC3C669927BD487D00A67D92 /* NormalTableViewCell.xib */,
				CC3C669D27BD4A1B00A67D92 /* RowView.swift */,
				CC3C669F27BD4AD800A67D92 /* RowViewCell.swift */,
			);
			path = Cells;
			sourceTree = "<group>";
		};
/* End PBXGroup section */

/* Begin PBXNativeTarget section */
		CC3C667E27BD47A900A67D92 /* SwiftUITableView */ = {
			isa = PBXNativeTarget;
			buildConfigurationList = CC3C669327BD47AB00A67D92 /* Build configuration list for PBXNativeTarget "SwiftUITableView" */;
			buildPhases = (
				CC3C667B27BD47A900A67D92 /* Sources */,
				CC3C667C27BD47A900A67D92 /* Frameworks */,
				CC3C667D27BD47A900A67D92 /* Resources */,
			);
			buildRules = (
			);
			dependencies = (
			);
			name = SwiftUITableView;
			productName = SwiftUITableView;
			productReference = CC3C667F27BD47A900A67D92 /* SwiftUITableView.app */;
			productType = "com.apple.product-type.application";
		};
/* End PBXNativeTarget section */

/* Begin PBXProject section */
		CC3C667727BD47A900A67D92 /* Project object */ = {
			isa = PBXProject;
			attributes = {
				BuildIndependentTargetsInParallel = 1;
				LastSwiftUpdateCheck = 1300;
				LastUpgradeCheck = 1300;
				TargetAttributes = {
					CC3C667E27BD47A900A67D92 = {
						CreatedOnToolsVersion = 13.0;
					};
				};
			};
			buildConfigurationList = CC3C667A27BD47A900A67D92 /* Build configuration list for PBXProject "SwiftUITableView" */;
			compatibilityVersion = "Xcode 13.0";
			developmentRegion = en;
			hasScannedForEncodings = 0;
			knownRegions = (
				en,
				Base,
			);
			mainGroup = CC3C667627BD47A900A67D92;
			productRefGroup = CC3C668027BD47A900A67D92 /* Products */;
			projectDirPath = "";
			projectRoot = "";
			targets = (
				CC3C667E27BD47A900A67D92 /* SwiftUITableView */,
			);
		};
/* End PBXProject section */

/* Begin PBXResourcesBuildPhase section */
		CC3C667D27BD47A900A67D92 /* Resources */ = {
			isa = PBXResourcesBuildPhase;
			buildActionMask = 2147483647;
			files = (
				CC3C669B27BD487D00A67D92 /* NormalTableViewCell.xib in Resources */,
				CC3C668F27BD47AB00A67D92 /* LaunchScreen.storyboard in Resources */,
				CC3C668C27BD47AB00A67D92 /* Assets.xcassets in Resources */,
				CC3C668A27BD47A900A67D92 /* Main.storyboard in Resources */,
			);
			runOnlyForDeploymentPostprocessing = 0;
		};
/* End PBXResourcesBuildPhase section */

/* Begin PBXSourcesBuildPhase section */
		CC3C667B27BD47A900A67D92 /* Sources */ = {
			isa = PBXSourcesBuildPhase;
			buildActionMask = 2147483647;
			files = (
				CC3C669A27BD487D00A67D92 /* NormalTableViewCell.swift in Sources */,
				CC3C669E27BD4A1B00A67D92 /* RowView.swift in Sources */,
				CC3C668327BD47A900A67D92 /* AppDelegate.swift in Sources */,
				CC3C669727BD481800A67D92 /* TableViewController.swift in Sources */,
				CC3C668527BD47A900A67D92 /* SceneDelegate.swift in Sources */,
				CC3C66A027BD4AD800A67D92 /* RowViewCell.swift in Sources */,
			);
			runOnlyForDeploymentPostprocessing = 0;
		};
/* End PBXSourcesBuildPhase section */

/* Begin PBXVariantGroup section */
		CC3C668827BD47A900A67D92 /* Main.storyboard */ = {
			isa = PBXVariantGroup;
			children = (
				CC3C668927BD47A900A67D92 /* Base */,
			);
			name = Main.storyboard;
			sourceTree = "<group>";
		};
		CC3C668D27BD47AB00A67D92 /* LaunchScreen.storyboard */ = {
			isa = PBXVariantGroup;
			children = (
				CC3C668E27BD47AB00A67D92 /* Base */,
			);
			name = LaunchScreen.storyboard;
			sourceTree = "<group>";
		};
/* End PBXVariantGroup section */

/* Begin XCBuildConfiguration section */
		CC3C669127BD47AB00A67D92 /* Debug */ = {
			isa = XCBuildConfiguration;
			buildSettings = {
				ALWAYS_SEARCH_USER_PATHS = NO;
				CLANG_ANALYZER_NONNULL = YES;
				CLANG_ANALYZER_NUMBER_OBJECT_CONVERSION = YES_AGGRESSIVE;
				CLANG_CXX_LANGUAGE_STANDARD = "gnu++17";
				CLANG_CXX_LIBRARY = "libc++";
				CLANG_ENABLE_MODULES = YES;
				CLANG_ENABLE_OBJC_ARC = YES;
				CLANG_ENABLE_OBJC_WEAK = YES;
				CLANG_WARN_BLOCK_CAPTURE_AUTORELEASING = YES;
				CLANG_WARN_BOOL_CONVERSION = YES;
				CLANG_WARN_COMMA = YES;
				CLANG_WARN_CONSTANT_CONVERSION = YES;
				CLANG_WARN_DEPRECATED_OBJC_IMPLEMENTATIONS = YES;
				CLANG_WARN_DIRECT_OBJC_ISA_USAGE = YES_ERROR;
				CLANG_WARN_DOCUMENTATION_COMMENTS = YES;
				CLANG_WARN_EMPTY_BODY = YES;
				CLANG_WARN_ENUM_CONVERSION = YES;
				CLANG_WARN_INFINITE_RECURSION = YES;
				CLANG_WARN_INT_CONVERSION = YES;
				CLANG_WARN_NON_LITERAL_NULL_CONVERSION = YES;
				CLANG_WARN_OBJC_IMPLICIT_RETAIN_SELF = YES;
				CLANG_WARN_OBJC_LITERAL_CONVERSION = YES;
				CLANG_WARN_OBJC_ROOT_CLASS = YES_ERROR;
				CLANG_WARN_QUOTED_INCLUDE_IN_FRAMEWORK_HEADER = YES;
				CLANG_WARN_RANGE_LOOP_ANALYSIS = YES;
				CLANG_WARN_STRICT_PROTOTYPES = YES;
				CLANG_WARN_SUSPICIOUS_MOVE = YES;
				CLANG_WARN_UNGUARDED_AVAILABILITY = YES_AGGRESSIVE;
				CLANG_WARN_UNREACHABLE_CODE = YES;
				CLANG_WARN__DUPLICATE_METHOD_MATCH = YES;
				COPY_PHASE_STRIP = NO;
				DEBUG_INFORMATION_FORMAT = dwarf;
				ENABLE_STRICT_OBJC_MSGSEND = YES;
				ENABLE_TESTABILITY = YES;
				GCC_C_LANGUAGE_STANDARD = gnu11;
				GCC_DYNAMIC_NO_PIC = NO;
				GCC_NO_COMMON_BLOCKS = YES;
				GCC_OPTIMIZATION_LEVEL = 0;
				GCC_PREPROCESSOR_DEFINITIONS = (
					"DEBUG=1",
					"$(inherited)",
				);
				GCC_WARN_64_TO_32_BIT_CONVERSION = YES;
				GCC_WARN_ABOUT_RETURN_TYPE = YES_ERROR;
				GCC_WARN_UNDECLARED_SELECTOR = YES;
				GCC_WARN_UNINITIALIZED_AUTOS = YES_AGGRESSIVE;
				GCC_WARN_UNUSED_FUNCTION = YES;
				GCC_WARN_UNUSED_VARIABLE = YES;
				IPHONEOS_DEPLOYMENT_TARGET = 15.0;
				MTL_ENABLE_DEBUG_INFO = INCLUDE_SOURCE;
				MTL_FAST_MATH = YES;
				ONLY_ACTIVE_ARCH = YES;
				SDKROOT = iphoneos;
				SWIFT_ACTIVE_COMPILATION_CONDITIONS = DEBUG;
				SWIFT_OPTIMIZATION_LEVEL = "-Onone";
			};
			name = Debug;
		};
		CC3C669227BD47AB00A67D92 /* Release */ = {
			isa = XCBuildConfiguration;
			buildSettings = {
				ALWAYS_SEARCH_USER_PATHS = NO;
				CLANG_ANALYZER_NONNULL = YES;
				CLANG_ANALYZER_NUMBER_OBJECT_CONVERSION = YES_AGGRESSIVE;
				CLANG_CXX_LANGUAGE_STANDARD = "gnu++17";
				CLANG_CXX_LIBRARY = "libc++";
				CLANG_ENABLE_MODULES = YES;
				CLANG_ENABLE_OBJC_ARC = YES;
				CLANG_ENABLE_OBJC_WEAK = YES;
				CLANG_WARN_BLOCK_CAPTURE_AUTORELEASING = YES;
				CLANG_WARN_BOOL_CONVERSION = YES;
				CLANG_WARN_COMMA = YES;
				CLANG_WARN_CONSTANT_CONVERSION = YES;
				CLANG_WARN_DEPRECATED_OBJC_IMPLEMENTATIONS = YES;
				CLANG_WARN_DIRECT_OBJC_ISA_USAGE = YES_ERROR;
				CLANG_WARN_DOCUMENTATION_COMMENTS = YES;
				CLANG_WARN_EMPTY_BODY = YES;
				CLANG_WARN_ENUM_CONVERSION = YES;
				CLANG_WARN_INFINITE_RECURSION = YES;
				CLANG_WARN_INT_CONVERSION = YES;
				CLANG_WARN_NON_LITERAL_NULL_CONVERSION = YES;
				CLANG_WARN_OBJC_IMPLICIT_RETAIN_SELF = YES;
				CLANG_WARN_OBJC_LITERAL_CONVERSION = YES;
				CLANG_WARN_OBJC_ROOT_CLASS = YES_ERROR;
				CLANG_WARN_QUOTED_INCLUDE_IN_FRAMEWORK_HEADER = YES;
				CLANG_WARN_RANGE_LOOP_ANALYSIS = YES;
				CLANG_WARN_STRICT_PROTOTYPES = YES;
				CLANG_WARN_SUSPICIOUS_MOVE = YES;
				CLANG_WARN_UNGUARDED_AVAILABILITY = YES_AGGRESSIVE;
				CLANG_WARN_UNREACHABLE_CODE = YES;
				CLANG_WARN__DUPLICATE_METHOD_MATCH = YES;
				COPY_PHASE_STRIP = NO;
				DEBUG_INFORMATION_FORMAT = "dwarf-with-dsym";
				ENABLE_NS_ASSERTIONS = NO;
				ENABLE_STRICT_OBJC_MSGSEND = YES;
				GCC_C_LANGUAGE_STANDARD = gnu11;
				GCC_NO_COMMON_BLOCKS = YES;
				GCC_WARN_64_TO_32_BIT_CONVERSION = YES;
				GCC_WARN_ABOUT_RETURN_TYPE = YES_ERROR;
				GCC_WARN_UNDECLARED_SELECTOR = YES;
				GCC_WARN_UNINITIALIZED_AUTOS = YES_AGGRESSIVE;
				GCC_WARN_UNUSED_FUNCTION = YES;
				GCC_WARN_UNUSED_VARIABLE = YES;
				IPHONEOS_DEPLOYMENT_TARGET = 15.0;
				MTL_ENABLE_DEBUG_INFO = NO;
				MTL_FAST_MATH = YES;
				SDKROOT = iphoneos;
				SWIFT_COMPILATION_MODE = wholemodule;
				SWIFT_OPTIMIZATION_LEVEL = "-O";
				VALIDATE_PRODUCT = YES;
			};
			name = Release;
		};
		CC3C669427BD47AB00A67D92 /* Debug */ = {
			isa = XCBuildConfiguration;
			buildSettings = {
				ASSETCATALOG_COMPILER_APPICON_NAME = AppIcon;
				ASSETCATALOG_COMPILER_GLOBAL_ACCENT_COLOR_NAME = AccentColor;
				CODE_SIGN_STYLE = Automatic;
				CURRENT_PROJECT_VERSION = 1;
				DEVELOPMENT_TEAM = 7BYUJ689J5;
				GENERATE_INFOPLIST_FILE = YES;
				INFOPLIST_FILE = SwiftUITableView/Info.plist;
				INFOPLIST_KEY_UIApplicationSupportsIndirectInputEvents = YES;
				INFOPLIST_KEY_UILaunchStoryboardName = LaunchScreen;
				INFOPLIST_KEY_UIMainStoryboardFile = Main;
				INFOPLIST_KEY_UISupportedInterfaceOrientations_iPad = "UIInterfaceOrientationPortrait UIInterfaceOrientationPortraitUpsideDown UIInterfaceOrientationLandscapeLeft UIInterfaceOrientationLandscapeRight";
				INFOPLIST_KEY_UISupportedInterfaceOrientations_iPhone = "UIInterfaceOrientationPortrait UIInterfaceOrientationLandscapeLeft UIInterfaceOrientationLandscapeRight";
				LD_RUNPATH_SEARCH_PATHS = (
					"$(inherited)",
					"@executable_path/Frameworks",
				);
				MARKETING_VERSION = 1.0;
				PRODUCT_BUNDLE_IDENTIFIER = com.hayakawa.SwiftUITableView;
				PRODUCT_NAME = "$(TARGET_NAME)";
				SWIFT_EMIT_LOC_STRINGS = YES;
				SWIFT_VERSION = 5.0;
				TARGETED_DEVICE_FAMILY = 1;
			};
			name = Debug;
		};
		CC3C669527BD47AB00A67D92 /* Release */ = {
			isa = XCBuildConfiguration;
			buildSettings = {
				ASSETCATALOG_COMPILER_APPICON_NAME = AppIcon;
				ASSETCATALOG_COMPILER_GLOBAL_ACCENT_COLOR_NAME = AccentColor;
				CODE_SIGN_STYLE = Automatic;
				CURRENT_PROJECT_VERSION = 1;
				DEVELOPMENT_TEAM = 7BYUJ689J5;
				GENERATE_INFOPLIST_FILE = YES;
				INFOPLIST_FILE = SwiftUITableView/Info.plist;
				INFOPLIST_KEY_UIApplicationSupportsIndirectInputEvents = YES;
				INFOPLIST_KEY_UILaunchStoryboardName = LaunchScreen;
				INFOPLIST_KEY_UIMainStoryboardFile = Main;
				INFOPLIST_KEY_UISupportedInterfaceOrientations_iPad = "UIInterfaceOrientationPortrait UIInterfaceOrientationPortraitUpsideDown UIInterfaceOrientationLandscapeLeft UIInterfaceOrientationLandscapeRight";
				INFOPLIST_KEY_UISupportedInterfaceOrientations_iPhone = "UIInterfaceOrientationPortrait UIInterfaceOrientationLandscapeLeft UIInterfaceOrientationLandscapeRight";
				LD_RUNPATH_SEARCH_PATHS = (
					"$(inherited)",
					"@executable_path/Frameworks",
				);
				MARKETING_VERSION = 1.0;
				PRODUCT_BUNDLE_IDENTIFIER = com.hayakawa.SwiftUITableView;
				PRODUCT_NAME = "$(TARGET_NAME)";
				SWIFT_EMIT_LOC_STRINGS = YES;
				SWIFT_VERSION = 5.0;
				TARGETED_DEVICE_FAMILY = 1;
			};
			name = Release;
		};
/* End XCBuildConfiguration section */

/* Begin XCConfigurationList section */
		CC3C667A27BD47A900A67D92 /* Build configuration list for PBXProject "SwiftUITableView" */ = {
			isa = XCConfigurationList;
			buildConfigurations = (
				CC3C669127BD47AB00A67D92 /* Debug */,
				CC3C669227BD47AB00A67D92 /* Release */,
			);
			defaultConfigurationIsVisible = 0;
			defaultConfigurationName = Release;
		};
		CC3C669327BD47AB00A67D92 /* Build configuration list for PBXNativeTarget "SwiftUITableView" */ = {
			isa = XCConfigurationList;
			buildConfigurations = (
				CC3C669427BD47AB00A67D92 /* Debug */,
				CC3C669527BD47AB00A67D92 /* Release */,
			);
			defaultConfigurationIsVisible = 0;
			defaultConfigurationName = Release;
		};
/* End XCConfigurationList section */
	};
	rootObject = CC3C667727BD47A900A67D92 /* Project object */;
}
